// !$*UTF8*$!
{
	archiveVersion = 1;
	classes = {
	};
	objectVersion = 46;
	objects = {

/* Begin PBXBuildFile section */
		8242CA231EE8ED49007EEC72 /* socketselect.cc in Sources */ = {isa = PBXBuildFile; fileRef = 8242CA211EE8ED49007EEC72 /* socketselect.cc */; };
		8242CA281EE8EED9007EEC72 /* pingquery.cc in Sources */ = {isa = PBXBuildFile; fileRef = 8242CA261EE8EED9007EEC72 /* pingquery.cc */; };
		82789E041EE1166400C970D0 /* main.cpp in Sources */ = {isa = PBXBuildFile; fileRef = 82789E031EE1166400C970D0 /* main.cpp */; };
		82789E0E1EE1168700C970D0 /* ClassTest.cpp in Sources */ = {isa = PBXBuildFile; fileRef = 82789E0A1EE1168700C970D0 /* ClassTest.cpp */; };
		82789E0F1EE1168700C970D0 /* PingTest.cpp in Sources */ = {isa = PBXBuildFile; fileRef = 82789E0B1EE1168700C970D0 /* PingTest.cpp */; };
		82789E101EE1168700C970D0 /* SockTest.cpp in Sources */ = {isa = PBXBuildFile; fileRef = 82789E0C1EE1168700C970D0 /* SockTest.cpp */; };
		82789E111EE1168700C970D0 /* TimeTest.cpp in Sources */ = {isa = PBXBuildFile; fileRef = 82789E0D1EE1168700C970D0 /* TimeTest.cpp */; };
		82789E131EE13F8500C970D0 /* UnionTest.cpp in Sources */ = {isa = PBXBuildFile; fileRef = 82789E121EE13F8500C970D0 /* UnionTest.cpp */; };
		82789E151EE14EF500C970D0 /* IcmpTest.cpp in Sources */ = {isa = PBXBuildFile; fileRef = 82789E141EE14EF500C970D0 /* IcmpTest.cpp */; };
		82789E171EE52D8800C970D0 /* SysctlTest.cpp in Sources */ = {isa = PBXBuildFile; fileRef = 82789E161EE52D8800C970D0 /* SysctlTest.cpp */; };
/* End PBXBuildFile section */

/* Begin PBXCopyFilesBuildPhase section */
		82789DFE1EE1166400C970D0 /* CopyFiles */ = {
			isa = PBXCopyFilesBuildPhase;
			buildActionMask = 2147483647;
			dstPath = /usr/share/man/man1/;
			dstSubfolderSpec = 0;
			files = (
			);
			runOnlyForDeploymentPostprocessing = 1;
		};
/* End PBXCopyFilesBuildPhase section */

/* Begin PBXFileReference section */
		8242CA201EE8EBC9007EEC72 /* mutex.h */ = {isa = PBXFileReference; fileEncoding = 4; lastKnownFileType = sourcecode.c.h; path = mutex.h; sourceTree = "<group>"; };
		8242CA211EE8ED49007EEC72 /* socketselect.cc */ = {isa = PBXFileReference; fileEncoding = 4; lastKnownFileType = sourcecode.cpp.cpp; path = socketselect.cc; sourceTree = "<group>"; };
		8242CA221EE8ED49007EEC72 /* socketselect.h */ = {isa = PBXFileReference; fileEncoding = 4; lastKnownFileType = sourcecode.c.h; path = socketselect.h; sourceTree = "<group>"; };
		8242CA241EE8EDC9007EEC72 /* lock.h */ = {isa = PBXFileReference; fileEncoding = 4; lastKnownFileType = sourcecode.c.h; path = lock.h; sourceTree = "<group>"; };
		8242CA251EE8EE61007EEC72 /* spinlock.h */ = {isa = PBXFileReference; fileEncoding = 4; lastKnownFileType = sourcecode.c.h; path = spinlock.h; sourceTree = "<group>"; };
		8242CA261EE8EED9007EEC72 /* pingquery.cc */ = {isa = PBXFileReference; fileEncoding = 4; lastKnownFileType = sourcecode.cpp.cpp; path = pingquery.cc; sourceTree = "<group>"; };
		8242CA271EE8EED9007EEC72 /* pingquery.h */ = {isa = PBXFileReference; fileEncoding = 4; lastKnownFileType = sourcecode.c.h; path = pingquery.h; sourceTree = "<group>"; };
		8242CA291EEA8C42007EEC72 /* OtherTest.h */ = {isa = PBXFileReference; fileEncoding = 4; lastKnownFileType = sourcecode.c.h; path = OtherTest.h; sourceTree = "<group>"; };
		82789E001EE1166400C970D0 /* LearnCPP */ = {isa = PBXFileReference; explicitFileType = "compiled.mach-o.executable"; includeInIndex = 0; path = LearnCPP; sourceTree = BUILT_PRODUCTS_DIR; };
		82789E031EE1166400C970D0 /* main.cpp */ = {isa = PBXFileReference; lastKnownFileType = sourcecode.cpp.cpp; path = main.cpp; sourceTree = "<group>"; };
		82789E0A1EE1168700C970D0 /* ClassTest.cpp */ = {isa = PBXFileReference; fileEncoding = 4; lastKnownFileType = sourcecode.cpp.cpp; path = ClassTest.cpp; sourceTree = "<group>"; };
		82789E0B1EE1168700C970D0 /* PingTest.cpp */ = {isa = PBXFileReference; fileEncoding = 4; lastKnownFileType = sourcecode.cpp.cpp; path = PingTest.cpp; sourceTree = "<group>"; };
		82789E0C1EE1168700C970D0 /* SockTest.cpp */ = {isa = PBXFileReference; fileEncoding = 4; lastKnownFileType = sourcecode.cpp.cpp; path = SockTest.cpp; sourceTree = "<group>"; };
		82789E0D1EE1168700C970D0 /* TimeTest.cpp */ = {isa = PBXFileReference; fileEncoding = 4; lastKnownFileType = sourcecode.cpp.cpp; path = TimeTest.cpp; sourceTree = "<group>"; };
		82789E121EE13F8500C970D0 /* UnionTest.cpp */ = {isa = PBXFileReference; fileEncoding = 4; lastKnownFileType = sourcecode.cpp.cpp; path = UnionTest.cpp; sourceTree = "<group>"; };
		82789E141EE14EF500C970D0 /* IcmpTest.cpp */ = {isa = PBXFileReference; fileEncoding = 4; lastKnownFileType = sourcecode.cpp.cpp; path = IcmpTest.cpp; sourceTree = "<group>"; };
		82789E161EE52D8800C970D0 /* SysctlTest.cpp */ = {isa = PBXFileReference; fileEncoding = 4; lastKnownFileType = sourcecode.cpp.cpp; path = SysctlTest.cpp; sourceTree = "<group>"; };
/* End PBXFileReference section */

/* Begin PBXFrameworksBuildPhase section */
		82789DFD1EE1166400C970D0 /* Frameworks */ = {
			isa = PBXFrameworksBuildPhase;
			buildActionMask = 2147483647;
			files = (
			);
			runOnlyForDeploymentPostprocessing = 0;
		};
/* End PBXFrameworksBuildPhase section */

/* Begin PBXGroup section */
		8242CA1F1EE8EBC9007EEC72 /* m */ = {
			isa = PBXGroup;
			children = (
				8242CA261EE8EED9007EEC72 /* pingquery.cc */,
				8242CA271EE8EED9007EEC72 /* pingquery.h */,
				8242CA251EE8EE61007EEC72 /* spinlock.h */,
				8242CA241EE8EDC9007EEC72 /* lock.h */,
				8242CA211EE8ED49007EEC72 /* socketselect.cc */,
				8242CA221EE8ED49007EEC72 /* socketselect.h */,
				8242CA201EE8EBC9007EEC72 /* mutex.h */,
			);
			path = m;
			sourceTree = "<group>";
		};
		82789DF71EE1166400C970D0 = {
			isa = PBXGroup;
			children = (
				82789E021EE1166400C970D0 /* LearnCPP */,
				82789E011EE1166400C970D0 /* Products */,
			);
			sourceTree = "<group>";
		};
		82789E011EE1166400C970D0 /* Products */ = {
			isa = PBXGroup;
			children = (
				82789E001EE1166400C970D0 /* LearnCPP */,
			);
			name = Products;
			sourceTree = "<group>";
		};
		82789E021EE1166400C970D0 /* LearnCPP */ = {
			isa = PBXGroup;
			children = (
				82789E031EE1166400C970D0 /* main.cpp */,
				8242CA291EEA8C42007EEC72 /* OtherTest.h */,
				82789E0A1EE1168700C970D0 /* ClassTest.cpp */,
				82789E0B1EE1168700C970D0 /* PingTest.cpp */,
				82789E0D1EE1168700C970D0 /* TimeTest.cpp */,
				82789E0C1EE1168700C970D0 /* SockTest.cpp */,
				82789E121EE13F8500C970D0 /* UnionTest.cpp */,
				82789E141EE14EF500C970D0 /* IcmpTest.cpp */,
				82789E161EE52D8800C970D0 /* SysctlTest.cpp */,
				8242CA1F1EE8EBC9007EEC72 /* m */,
			);
			path = LearnCPP;
			sourceTree = "<group>";
		};
/* End PBXGroup section */

/* Begin PBXNativeTarget section */
		82789DFF1EE1166400C970D0 /* LearnCPP */ = {
			isa = PBXNativeTarget;
			buildConfigurationList = 82789E071EE1166400C970D0 /* Build configuration list for PBXNativeTarget "LearnCPP" */;
			buildPhases = (
				82789DFC1EE1166400C970D0 /* Sources */,
				82789DFD1EE1166400C970D0 /* Frameworks */,
				82789DFE1EE1166400C970D0 /* CopyFiles */,
			);
			buildRules = (
			);
			dependencies = (
			);
			name = LearnCPP;
			productName = LearnCPP;
			productReference = 82789E001EE1166400C970D0 /* LearnCPP */;
			productType = "com.apple.product-type.tool";
		};
/* End PBXNativeTarget section */

/* Begin PBXProject section */
		82789DF81EE1166400C970D0 /* Project object */ = {
			isa = PBXProject;
			attributes = {
				LastUpgradeCheck = 0830;
				ORGANIZATIONNAME = javalong;
				TargetAttributes = {
					82789DFF1EE1166400C970D0 = {
						CreatedOnToolsVersion = 8.3.2;
						ProvisioningStyle = Automatic;
					};
				};
			};
			buildConfigurationList = 82789DFB1EE1166400C970D0 /* Build configuration list for PBXProject "LearnCPP" */;
			compatibilityVersion = "Xcode 3.2";
			developmentRegion = English;
			hasScannedForEncodings = 0;
			knownRegions = (
				en,
			);
			mainGroup = 82789DF71EE1166400C970D0;
			productRefGroup = 82789E011EE1166400C970D0 /* Products */;
			projectDirPath = "";
			projectRoot = "";
			targets = (
				82789DFF1EE1166400C970D0 /* LearnCPP */,
			);
		};
/* End PBXProject section */

/* Begin PBXSourcesBuildPhase section */
		82789DFC1EE1166400C970D0 /* Sources */ = {
			isa = PBXSourcesBuildPhase;
			buildActionMask = 2147483647;
			files = (
				82789E0E1EE1168700C970D0 /* ClassTest.cpp in Sources */,
				82789E171EE52D8800C970D0 /* SysctlTest.cpp in Sources */,
				8242CA281EE8EED9007EEC72 /* pingquery.cc in Sources */,
				82789E131EE13F8500C970D0 /* UnionTest.cpp in Sources */,
				8242CA231EE8ED49007EEC72 /* socketselect.cc in Sources */,
				82789E101EE1168700C970D0 /* SockTest.cpp in Sources */,
				82789E151EE14EF500C970D0 /* IcmpTest.cpp in Sources */,
				82789E041EE1166400C970D0 /* main.cpp in Sources */,
				82789E111EE1168700C970D0 /* TimeTest.cpp in Sources */,
				82789E0F1EE1168700C970D0 /* PingTest.cpp in Sources */,
			);
			runOnlyForDeploymentPostprocessing = 0;
		};
/* End PBXSourcesBuildPhase section */

/* Begin XCBuildConfiguration section */
		82789E051EE1166400C970D0 /* Debug */ = {
			isa = XCBuildConfiguration;
			buildSettings = {
				ALWAYS_SEARCH_USER_PATHS = NO;
				CLANG_ANALYZER_NONNULL = YES;
				CLANG_ANALYZER_NUMBER_OBJECT_CONVERSION = YES_AGGRESSIVE;
				CLANG_CXX_LANGUAGE_STANDARD = "gnu++0x";
				CLANG_CXX_LIBRARY = "libc++";
				CLANG_ENABLE_MODULES = YES;
				CLANG_ENABLE_OBJC_ARC = YES;
				CLANG_WARN_BOOL_CONVERSION = YES;
				CLANG_WARN_CONSTANT_CONVERSION = YES;
				CLANG_WARN_DIRECT_OBJC_ISA_USAGE = YES_ERROR;
				CLANG_WARN_DOCUMENTATION_COMMENTS = YES;
				CLANG_WARN_EMPTY_BODY = YES;
				CLANG_WARN_ENUM_CONVERSION = YES;
				CLANG_WARN_INFINITE_RECURSION = YES;
				CLANG_WARN_INT_CONVERSION = YES;
				CLANG_WARN_OBJC_ROOT_CLASS = YES_ERROR;
				CLANG_WARN_SUSPICIOUS_MOVE = YES;
				CLANG_WARN_UNREACHABLE_CODE = YES;
				CLANG_WARN__DUPLICATE_METHOD_MATCH = YES;
				CODE_SIGN_IDENTITY = "-";
				COPY_PHASE_STRIP = NO;
				DEBUG_INFORMATION_FORMAT = dwarf;
				ENABLE_STRICT_OBJC_MSGSEND = YES;
				ENABLE_TESTABILITY = YES;
				GCC_C_LANGUAGE_STANDARD = gnu99;
				GCC_DYNAMIC_NO_PIC = NO;
				GCC_NO_COMMON_BLOCKS = YES;
				GCC_OPTIMIZATION_LEVEL = 0;
				GCC_PREPROCESSOR_DEFINITIONS = (
					"DEBUG=1",
					"$(inherited)",
				);
				GCC_WARN_64_TO_32_BIT_CONVERSION = YES;
				GCC_WARN_ABOUT_RETURN_TYPE = YES_ERROR;
				GCC_WARN_UNDECLARED_SELECTOR = YES;
				GCC_WARN_UNINITIALIZED_AUTOS = YES_AGGRESSIVE;
				GCC_WARN_UNUSED_FUNCTION = YES;
				GCC_WARN_UNUSED_VARIABLE = YES;
				MACOSX_DEPLOYMENT_TARGET = 10.12;
				MTL_ENABLE_DEBUG_INFO = YES;
				ONLY_ACTIVE_ARCH = YES;
				SDKROOT = macosx;
			};
			name = Debug;
		};
		82789E061EE1166400C970D0 /* Release */ = {
			isa = XCBuildConfiguration;
			buildSettings = {
				ALWAYS_SEARCH_USER_PATHS = NO;
				CLANG_ANALYZER_NONNULL = YES;
				CLANG_ANALYZER_NUMBER_OBJECT_CONVERSION = YES_AGGRESSIVE;
				CLANG_CXX_LANGUAGE_STANDARD = "gnu++0x";
				CLANG_CXX_LIBRARY = "libc++";
				CLANG_ENABLE_MODULES = YES;
				CLANG_ENABLE_OBJC_ARC = YES;
				CLANG_WARN_BOOL_CONVERSION = YES;
				CLANG_WARN_CONSTANT_CONVERSION = YES;
				CLANG_WARN_DIRECT_OBJC_ISA_USAGE = YES_ERROR;
				CLANG_WARN_DOCUMENTATION_COMMENTS = YES;
				CLANG_WARN_EMPTY_BODY = YES;
				CLANG_WARN_ENUM_CONVERSION = YES;
				CLANG_WARN_INFINITE_RECURSION = YES;
				CLANG_WARN_INT_CONVERSION = YES;
				CLANG_WARN_OBJC_ROOT_CLASS = YES_ERROR;
				CLANG_WARN_SUSPICIOUS_MOVE = YES;
				CLANG_WARN_UNREACHABLE_CODE = YES;
				CLANG_WARN__DUPLICATE_METHOD_MATCH = YES;
				CODE_SIGN_IDENTITY = "-";
				COPY_PHASE_STRIP = NO;
				DEBUG_INFORMATION_FORMAT = "dwarf-with-dsym";
				ENABLE_NS_ASSERTIONS = NO;
				ENABLE_STRICT_OBJC_MSGSEND = YES;
				GCC_C_LANGUAGE_STANDARD = gnu99;
				GCC_NO_COMMON_BLOCKS = YES;
				GCC_WARN_64_TO_32_BIT_CONVERSION = YES;
				GCC_WARN_ABOUT_RETURN_TYPE = YES_ERROR;
				GCC_WARN_UNDECLARED_SELECTOR = YES;
				GCC_WARN_UNINITIALIZED_AUTOS = YES_AGGRESSIVE;
				GCC_WARN_UNUSED_FUNCTION = YES;
				GCC_WARN_UNUSED_VARIABLE = YES;
				MACOSX_DEPLOYMENT_TARGET = 10.12;
				MTL_ENABLE_DEBUG_INFO = NO;
				SDKROOT = macosx;
			};
			name = Release;
		};
		82789E081EE1166400C970D0 /* Debug */ = {
			isa = XCBuildConfiguration;
			buildSettings = {
				PRODUCT_NAME = "$(TARGET_NAME)";
			};
			name = Debug;
		};
		82789E091EE1166400C970D0 /* Release */ = {
			isa = XCBuildConfiguration;
			buildSettings = {
				PRODUCT_NAME = "$(TARGET_NAME)";
			};
			name = Release;
		};
/* End XCBuildConfiguration section */

/* Begin XCConfigurationList section */
		82789DFB1EE1166400C970D0 /* Build configuration list for PBXProject "LearnCPP" */ = {
			isa = XCConfigurationList;
			buildConfigurations = (
				82789E051EE1166400C970D0 /* Debug */,
				82789E061EE1166400C970D0 /* Release */,
			);
			defaultConfigurationIsVisible = 0;
			defaultConfigurationName = Release;
		};
		82789E071EE1166400C970D0 /* Build configuration list for PBXNativeTarget "LearnCPP" */ = {
			isa = XCConfigurationList;
			buildConfigurations = (
				82789E081EE1166400C970D0 /* Debug */,
				82789E091EE1166400C970D0 /* Release */,
			);
			defaultConfigurationIsVisible = 0;
			defaultConfigurationName = Release;
		};
/* End XCConfigurationList section */
	};
	rootObject = 82789DF81EE1166400C970D0 /* Project object */;
}
